// !$*UTF8*$!
{
	archiveVersion = 1;
	classes = {
	};
	objectVersion = 46;
	objects = {

/* Begin PBXBuildFile section */
		3AE485AE16EE013D003989BD /* UIKit.framework in Frameworks */ = {isa = PBXBuildFile; fileRef = 3AE485AD16EE013D003989BD /* UIKit.framework */; };
		3AE485B016EE013D003989BD /* Foundation.framework in Frameworks */ = {isa = PBXBuildFile; fileRef = 3AE485AF16EE013D003989BD /* Foundation.framework */; };
		3AE485B216EE013D003989BD /* CoreGraphics.framework in Frameworks */ = {isa = PBXBuildFile; fileRef = 3AE485B116EE013D003989BD /* CoreGraphics.framework */; };
		3AE485B816EE013D003989BD /* InfoPlist.strings in Resources */ = {isa = PBXBuildFile; fileRef = 3AE485B616EE013D003989BD /* InfoPlist.strings */; };
		3AE485BA16EE013D003989BD /* main.m in Sources */ = {isa = PBXBuildFile; fileRef = 3AE485B916EE013D003989BD /* main.m */; };
		3AE485BE16EE013D003989BD /* AppDelegate.m in Sources */ = {isa = PBXBuildFile; fileRef = 3AE485BD16EE013D003989BD /* AppDelegate.m */; };
		3AE485C116EE013D003989BD /* ViewController.m in Sources */ = {isa = PBXBuildFile; fileRef = 3AE485C016EE013D003989BD /* ViewController.m */; };
		3AE485C416EE013D003989BD /* ViewController.xib in Resources */ = {isa = PBXBuildFile; fileRef = 3AE485C216EE013D003989BD /* ViewController.xib */; };
/* End PBXBuildFile section */

/* Begin PBXFileReference section */
		3AE485A916EE013D003989BD /* COCOCOCO.app */ = {isa = PBXFileReference; explicitFileType = wrapper.application; includeInIndex = 0; path = COCOCOCO.app; sourceTree = BUILT_PRODUCTS_DIR; };
		3AE485AD16EE013D003989BD /* UIKit.framework */ = {isa = PBXFileReference; lastKnownFileType = wrapper.framework; name = UIKit.framework; path = System/Library/Frameworks/UIKit.framework; sourceTree = SDKROOT; };
		3AE485AF16EE013D003989BD /* Foundation.framework */ = {isa = PBXFileReference; lastKnownFileType = wrapper.framework; name = Foundation.framework; path = System/Library/Frameworks/Foundation.framework; sourceTree = SDKROOT; };
		3AE485B116EE013D003989BD /* CoreGraphics.framework */ = {isa = PBXFileReference; lastKnownFileType = wrapper.framework; name = CoreGraphics.framework; path = System/Library/Frameworks/CoreGraphics.framework; sourceTree = SDKROOT; };
		3AE485B516EE013D003989BD /* COCOCOCO-Info.plist */ = {isa = PBXFileReference; lastKnownFileType = text.plist.xml; path = "COCOCOCO-Info.plist"; sourceTree = "<group>"; };
		3AE485B716EE013D003989BD /* en */ = {isa = PBXFileReference; lastKnownFileType = text.plist.strings; name = en; path = en.lproj/InfoPlist.strings; sourceTree = "<group>"; };
		3AE485B916EE013D003989BD /* main.m */ = {isa = PBXFileReference; lastKnownFileType = sourcecode.c.objc; path = main.m; sourceTree = "<group>"; };
		3AE485BB16EE013D003989BD /* COCOCOCO-Prefix.pch */ = {isa = PBXFileReference; lastKnownFileType = sourcecode.c.h; path = "COCOCOCO-Prefix.pch"; sourceTree = "<group>"; };
		3AE485BC16EE013D003989BD /* AppDelegate.h */ = {isa = PBXFileReference; lastKnownFileType = sourcecode.c.h; path = AppDelegate.h; sourceTree = "<group>"; };
		3AE485BD16EE013D003989BD /* AppDelegate.m */ = {isa = PBXFileReference; lastKnownFileType = sourcecode.c.objc; path = AppDelegate.m; sourceTree = "<group>"; };
		3AE485BF16EE013D003989BD /* ViewController.h */ = {isa = PBXFileReference; lastKnownFileType = sourcecode.c.h; path = ViewController.h; sourceTree = "<group>"; };
		3AE485C016EE013D003989BD /* ViewController.m */ = {isa = PBXFileReference; lastKnownFileType = sourcecode.c.objc; path = ViewController.m; sourceTree = "<group>"; };
		3AE485C316EE013D003989BD /* en */ = {isa = PBXFileReference; lastKnownFileType = file.xib; name = en; path = en.lproj/ViewController.xib; sourceTree = "<group>"; };
/* End PBXFileReference section */

/* Begin PBXFrameworksBuildPhase section */
		3AE485A616EE013D003989BD /* Frameworks */ = {
			isa = PBXFrameworksBuildPhase;
			buildActionMask = 2147483647;
			files = (
				3AE485AE16EE013D003989BD /* UIKit.framework in Frameworks */,
				3AE485B016EE013D003989BD /* Foundation.framework in Frameworks */,
				3AE485B216EE013D003989BD /* CoreGraphics.framework in Frameworks */,
			);
			runOnlyForDeploymentPostprocessing = 0;
		};
/* End PBXFrameworksBuildPhase section */

/* Begin PBXGroup section */
		3AE4859E16EE013D003989BD = {
			isa = PBXGroup;
			children = (
				3AE485B316EE013D003989BD /* COCOCOCO */,
				3AE485AC16EE013D003989BD /* Frameworks */,
				3AE485AA16EE013D003989BD /* Products */,
			);
			sourceTree = "<group>";
		};
		3AE485AA16EE013D003989BD /* Products */ = {
			isa = PBXGroup;
			children = (
				3AE485A916EE013D003989BD /* COCOCOCO.app */,
			);
			name = Products;
			sourceTree = "<group>";
		};
		3AE485AC16EE013D003989BD /* Frameworks */ = {
			isa = PBXGroup;
			children = (
				3AE485AD16EE013D003989BD /* UIKit.framework */,
				3AE485AF16EE013D003989BD /* Foundation.framework */,
				3AE485B116EE013D003989BD /* CoreGraphics.framework */,
			);
			name = Frameworks;
			sourceTree = "<group>";
		};
		3AE485B316EE013D003989BD /* COCOCOCO */ = {
			isa = PBXGroup;
			children = (
				3AE485BC16EE013D003989BD /* AppDelegate.h */,
				3AE485BD16EE013D003989BD /* AppDelegate.m */,
				3AE485BF16EE013D003989BD /* ViewController.h */,
				3AE485C016EE013D003989BD /* ViewController.m */,
				3AE485C216EE013D003989BD /* ViewController.xib */,
				3AE485B416EE013D003989BD /* Supporting Files */,
			);
			path = COCOCOCO;
			sourceTree = "<group>";
		};
		3AE485B416EE013D003989BD /* Supporting Files */ = {
			isa = PBXGroup;
			children = (
				3AE485B516EE013D003989BD /* COCOCOCO-Info.plist */,
				3AE485B616EE013D003989BD /* InfoPlist.strings */,
				3AE485B916EE013D003989BD /* main.m */,
				3AE485BB16EE013D003989BD /* COCOCOCO-Prefix.pch */,
			);
			name = "Supporting Files";
			sourceTree = "<group>";
		};
/* End PBXGroup section */

/* Begin PBXNativeTarget section */
		3AE485A816EE013D003989BD /* COCOCOCO */ = {
			isa = PBXNativeTarget;
			buildConfigurationList = 3AE485C716EE013D003989BD /* Build configuration list for PBXNativeTarget "COCOCOCO" */;
			buildPhases = (
				3AE485A516EE013D003989BD /* Sources */,
				3AE485A616EE013D003989BD /* Frameworks */,
				3AE485A716EE013D003989BD /* Resources */,
			);
			buildRules = (
			);
			dependencies = (
			);
			name = COCOCOCO;
			productName = COCOCOCO;
			productReference = 3AE485A916EE013D003989BD /* COCOCOCO.app */;
			productType = "com.apple.product-type.application";
		};
/* End PBXNativeTarget section */

/* Begin PBXProject section */
		3AE485A016EE013D003989BD /* Project object */ = {
			isa = PBXProject;
			attributes = {
				LastUpgradeCheck = 0420;
			};
			buildConfigurationList = 3AE485A316EE013D003989BD /* Build configuration list for PBXProject "COCOCOCO" */;
			compatibilityVersion = "Xcode 3.2";
			developmentRegion = English;
			hasScannedForEncodings = 0;
			knownRegions = (
				en,
			);
			mainGroup = 3AE4859E16EE013D003989BD;
			productRefGroup = 3AE485AA16EE013D003989BD /* Products */;
			projectDirPath = "";
			projectRoot = "";
			targets = (
				3AE485A816EE013D003989BD /* COCOCOCO */,
			);
		};
/* End PBXProject section */

/* Begin PBXResourcesBuildPhase section */
		3AE485A716EE013D003989BD /* Resources */ = {
			isa = PBXResourcesBuildPhase;
			buildActionMask = 2147483647;
			files = (
				3AE485B816EE013D003989BD /* InfoPlist.strings in Resources */,
				3AE485C416EE013D003989BD /* ViewController.xib in Resources */,
			);
			runOnlyForDeploymentPostprocessing = 0;
		};
/* End PBXResourcesBuildPhase section */

/* Begin PBXSourcesBuildPhase section */
		3AE485A516EE013D003989BD /* Sources */ = {
			isa = PBXSourcesBuildPhase;
			buildActionMask = 2147483647;
			files = (
				3AE485BA16EE013D003989BD /* main.m in Sources */,
				3AE485BE16EE013D003989BD /* AppDelegate.m in Sources */,
				3AE485C116EE013D003989BD /* ViewController.m in Sources */,
			);
			runOnlyForDeploymentPostprocessing = 0;
		};
/* End PBXSourcesBuildPhase section */

/* Begin PBXVariantGroup section */
		3AE485B616EE013D003989BD /* InfoPlist.strings */ = {
			isa = PBXVariantGroup;
			children = (
				3AE485B716EE013D003989BD /* en */,
			);
			name = InfoPlist.strings;
			sourceTree = "<group>";
		};
		3AE485C216EE013D003989BD /* ViewController.xib */ = {
			isa = PBXVariantGroup;
			children = (
				3AE485C316EE013D003989BD /* en */,
			);
			name = ViewController.xib;
			sourceTree = "<group>";
		};
/* End PBXVariantGroup section */

/* Begin XCBuildConfiguration section */
		3AE485C516EE013D003989BD /* Debug */ = {
			isa = XCBuildConfiguration;
			buildSettings = {
				ALWAYS_SEARCH_USER_PATHS = NO;
				ARCHS = "$(ARCHS_STANDARD_32_BIT)";
				CLANG_ENABLE_OBJC_ARC = YES;
				"CODE_SIGN_IDENTITY[sdk=iphoneos*]" = "iPhone Developer";
				COPY_PHASE_STRIP = NO;
				GCC_C_LANGUAGE_STANDARD = gnu99;
				GCC_DYNAMIC_NO_PIC = NO;
				GCC_OPTIMIZATION_LEVEL = 0;
				GCC_PREPROCESSOR_DEFINITIONS = (
					"DEBUG=1",
					"$(inherited)",
				);
				GCC_SYMBOLS_PRIVATE_EXTERN = NO;
				GCC_VERSION = com.apple.compilers.llvm.clang.1_0;
				GCC_WARN_ABOUT_MISSING_PROTOTYPES = YES;
				GCC_WARN_ABOUT_RETURN_TYPE = YES;
				GCC_WARN_UNUSED_VARIABLE = YES;
				IPHONEOS_DEPLOYMENT_TARGET = 5.0;
				SDKROOT = iphoneos;
			};
			name = Debug;
		};
		3AE485C616EE013D003989BD /* Release */ = {
			isa = XCBuildConfiguration;
			buildSettings = {
				ALWAYS_SEARCH_USER_PATHS = NO;
				ARCHS = "$(ARCHS_STANDARD_32_BIT)";
				CLANG_ENABLE_OBJC_ARC = YES;
				"CODE_SIGN_IDENTITY[sdk=iphoneos*]" = "iPhone Developer";
				COPY_PHASE_STRIP = YES;
				GCC_C_LANGUAGE_STANDARD = gnu99;
				GCC_VERSION = com.apple.compilers.llvm.clang.1_0;
				GCC_WARN_ABOUT_MISSING_PROTOTYPES = YES;
				GCC_WARN_ABOUT_RETURN_TYPE = YES;
				GCC_WARN_UNUSED_VARIABLE = YES;
				IPHONEOS_DEPLOYMENT_TARGET = 5.0;
				OTHER_CFLAGS = "-DNS_BLOCK_ASSERTIONS=1";
				SDKROOT = iphoneos;
				VALIDATE_PRODUCT = YES;
			};
			name = Release;
		};
		3AE485C816EE013D003989BD /* Debug */ = {
			isa = XCBuildConfiguration;
			buildSettings = {
				GCC_PRECOMPILE_PREFIX_HEADER = YES;
				GCC_PREFIX_HEADER = "COCOCOCO/COCOCOCO-Prefix.pch";
				INFOPLIST_FILE = "COCOCOCO/COCOCOCO-Info.plist";
				PRODUCT_NAME = "$(TARGET_NAME)";
				WRAPPER_EXTENSION = app;
			};
			name = Debug;
		};
		3AE485C916EE013D003989BD /* Release */ = {
			isa = XCBuildConfiguration;
			buildSettings = {
				GCC_PRECOMPILE_PREFIX_HEADER = YES;
				GCC_PREFIX_HEADER = "COCOCOCO/COCOCOCO-Prefix.pch";
				INFOPLIST_FILE = "COCOCOCO/COCOCOCO-Info.plist";
				PRODUCT_NAME = "$(TARGET_NAME)";
				WRAPPER_EXTENSION = app;
			};
			name = Release;
		};
/* End XCBuildConfiguration section */

/* Begin XCConfigurationList section */
		3AE485A316EE013D003989BD /* Build configuration list for PBXProject "COCOCOCO" */ = {
			isa = XCConfigurationList;
			buildConfigurations = (
				3AE485C516EE013D003989BD /* Debug */,
				3AE485C616EE013D003989BD /* Release */,
			);
			defaultConfigurationIsVisible = 0;
			defaultConfigurationName = Release;
		};
		3AE485C716EE013D003989BD /* Build configuration list for PBXNativeTarget "COCOCOCO" */ = {
			isa = XCConfigurationList;
			buildConfigurations = (
				3AE485C816EE013D003989BD /* Debug */,
				3AE485C916EE013D003989BD /* Release */,
			);
			defaultConfigurationIsVisible = 0;
		};
/* End XCConfigurationList section */
	};
	rootObject = 3AE485A016EE013D003989BD /* Project object */;
}
